
Microsoft Visual Studio Solution File, Format Version 12.00
# Visual Studio Version 17
VisualStudioVersion = 17.14.36121.58
MinimumVisualStudioVersion = 10.0.40219.1
Project("{FAE04EC0-301F-11D3-BF4B-00C04F79EFBC}") = "WebApp", "src\WebApp\WebApp.csproj", "{DF7CFBBD-E82B-FBA7-CC3A-71EE4BC2E3D0}"
EndProject
Project("{FAE04EC0-301F-11D3-BF4B-00C04F79EFBC}") = "UnitTests", "tests\UnitTests\UnitTests.csproj", "{D28CF04D-8E7A-4ED9-8E0A-872A845340FC}"
EndProject
Project("{2150E333-8FDC-42A3-9474-1A3956D46DE8}") = "Solution Items", "Solution Items", "{02EA681E-C7D8-13C7-8484-4AC65E1B71E8}"
	ProjectSection(SolutionItems) = preProject
		.gitignore = .gitignore
		LICENSE = LICENSE
		nuget.config = nuget.config
		README.md = README.md
	EndProjectSection
EndProject
Project("{FAE04EC0-301F-11D3-BF4B-00C04F79EFBC}") = "Harness", "src\Harness\Harness.csproj", "{6122A7C3-E65D-4525-9AF1-0AE74971D115}"
EndProject
Global
	GlobalSection(SolutionConfigurationPlatforms) = preSolution
		Debug|Any CPU = Debug|Any CPU
		Release|Any CPU = Release|Any CPU
	EndGlobalSection
	GlobalSection(ProjectConfigurationPlatforms) = postSolution
		{DF7CFBBD-E82B-FBA7-CC3A-71EE4BC2E3D0}.Debug|Any CPU.ActiveCfg = Debug|Any CPU
		{DF7CFBBD-E82B-FBA7-CC3A-71EE4BC2E3D0}.Debug|Any CPU.Build.0 = Debug|Any CPU
		{DF7CFBBD-E82B-FBA7-CC3A-71EE4BC2E3D0}.Release|Any CPU.ActiveCfg = Release|Any CPU
		{DF7CFBBD-E82B-FBA7-CC3A-71EE4BC2E3D0}.Release|Any CPU.Build.0 = Release|Any CPU
		{D28CF04D-8E7A-4ED9-8E0A-872A845340FC}.Debug|Any CPU.ActiveCfg = Debug|Any CPU
		{D28CF04D-8E7A-4ED9-8E0A-872A845340FC}.Debug|Any CPU.Build.0 = Debug|Any CPU
		{D28CF04D-8E7A-4ED9-8E0A-872A845340FC}.Release|Any CPU.ActiveCfg = Release|Any CPU
		{D28CF04D-8E7A-4ED9-8E0A-872A845340FC}.Release|Any CPU.Build.0 = Release|Any CPU
		{6122A7C3-E65D-4525-9AF1-0AE74971D115}.Debug|Any CPU.ActiveCfg = Debug|Any CPU
		{6122A7C3-E65D-4525-9AF1-0AE74971D115}.Debug|Any CPU.Build.0 = Debug|Any CPU
		{6122A7C3-E65D-4525-9AF1-0AE74971D115}.Release|Any CPU.ActiveCfg = Release|Any CPU
		{6122A7C3-E65D-4525-9AF1-0AE74971D115}.Release|Any CPU.Build.0 = Release|Any CPU
	EndGlobalSection
	GlobalSection(SolutionProperties) = preSolution
		HideSolutionNode = FALSE
	EndGlobalSection
	GlobalSection(ExtensibilityGlobals) = postSolution
		SolutionGuid = {98828383-071C-44E8-900E-356DB996DB85}
	EndGlobalSection
EndGlobal
